
Microsoft Visual Studio Solution File, Format Version 12.00
# Visual Studio Version 17
VisualStudioVersion = 17.0.32112.339
MinimumVisualStudioVersion = 10.0.40219.1
Project("{FAE04EC0-301F-11D3-BF4B-00C04F79EFBC}") = "EjerciciosTablasHash", "EjerciciosTablasHash\EjerciciosTablasHash.csproj", "{ADD525EC-89EB-4B26-87E3-FD479E0DAB27}"
EndProject
Global
	GlobalSection(SolutionConfigurationPlatforms) = preSolution
		Debug|Any CPU = Debug|Any CPU
		Release|Any CPU = Release|Any CPU
	EndGlobalSection
	GlobalSection(ProjectConfigurationPlatforms) = postSolution
		{ADD525EC-89EB-4B26-87E3-FD479E0DAB27}.Debug|Any CPU.ActiveCfg = Debug|Any CPU
		{ADD525EC-89EB-4B26-87E3-FD479E0DAB27}.Debug|Any CPU.Build.0 = Debug|Any CPU
		{ADD525EC-89EB-4B26-87E3-FD479E0DAB27}.Release|Any CPU.ActiveCfg = Release|Any CPU
		{ADD525EC-89EB-4B26-87E3-FD479E0DAB27}.Release|Any CPU.Build.0 = Release|Any CPU
	EndGlobalSection
	GlobalSection(SolutionProperties) = preSolution
		HideSolutionNode = FALSE
	EndGlobalSection
	GlobalSection(ExtensibilityGlobals) = postSolution
		SolutionGuid = {B68B1BB6-1A2E-4186-ABCC-4C110F4F5277}
	EndGlobalSection
EndGlobal
