
Microsoft Visual Studio Solution File, Format Version 12.00
# Visual Studio Version 17
VisualStudioVersion = 17.0.31919.166
MinimumVisualStudioVersion = 10.0.40219.1
Project("{FAE04EC0-301F-11D3-BF4B-00C04F79EFBC}") = "EjemploSQLite", "EjemploSQLite\EjemploSQLite.csproj", "{5BE3DF22-B229-4F99-9A71-E5C75211F8AD}"
EndProject
Global
	GlobalSection(SolutionConfigurationPlatforms) = preSolution
		Debug|Any CPU = Debug|Any CPU
		Release|Any CPU = Release|Any CPU
	EndGlobalSection
	GlobalSection(ProjectConfigurationPlatforms) = postSolution
		{5BE3DF22-B229-4F99-9A71-E5C75211F8AD}.Debug|Any CPU.ActiveCfg = Debug|Any CPU
		{5BE3DF22-B229-4F99-9A71-E5C75211F8AD}.Debug|Any CPU.Build.0 = Debug|Any CPU
		{5BE3DF22-B229-4F99-9A71-E5C75211F8AD}.Release|Any CPU.ActiveCfg = Release|Any CPU
		{5BE3DF22-B229-4F99-9A71-E5C75211F8AD}.Release|Any CPU.Build.0 = Release|Any CPU
	EndGlobalSection
	GlobalSection(SolutionProperties) = preSolution
		HideSolutionNode = FALSE
	EndGlobalSection
	GlobalSection(ExtensibilityGlobals) = postSolution
		SolutionGuid = {5FE5002B-E16D-4377-A400-FA7181B77E5C}
	EndGlobalSection
EndGlobal
