
Microsoft Visual Studio Solution File, Format Version 12.00
# Visual Studio Version 17
VisualStudioVersion = 17.0.32126.317
MinimumVisualStudioVersion = 10.0.40219.1
Project("{FAE04EC0-301F-11D3-BF4B-00C04F79EFBC}") = "EjercicioPropiedades", "EjercicioPropiedades\EjercicioPropiedades.csproj", "{F76267F6-3ADA-463C-8246-46F601C04CAC}"
EndProject
Global
	GlobalSection(SolutionConfigurationPlatforms) = preSolution
		Debug|Any CPU = Debug|Any CPU
		Release|Any CPU = Release|Any CPU
	EndGlobalSection
	GlobalSection(ProjectConfigurationPlatforms) = postSolution
		{F76267F6-3ADA-463C-8246-46F601C04CAC}.Debug|Any CPU.ActiveCfg = Debug|Any CPU
		{F76267F6-3ADA-463C-8246-46F601C04CAC}.Debug|Any CPU.Build.0 = Debug|Any CPU
		{F76267F6-3ADA-463C-8246-46F601C04CAC}.Release|Any CPU.ActiveCfg = Release|Any CPU
		{F76267F6-3ADA-463C-8246-46F601C04CAC}.Release|Any CPU.Build.0 = Release|Any CPU
	EndGlobalSection
	GlobalSection(SolutionProperties) = preSolution
		HideSolutionNode = FALSE
	EndGlobalSection
	GlobalSection(ExtensibilityGlobals) = postSolution
		SolutionGuid = {FD5C3D80-9622-485C-A40A-2AA4B2B73865}
	EndGlobalSection
EndGlobal
