
Microsoft Visual Studio Solution File, Format Version 12.00
# Visual Studio Version 17
VisualStudioVersion = 17.0.32112.339
MinimumVisualStudioVersion = 10.0.40219.1
Project("{FAE04EC0-301F-11D3-BF4B-00C04F79EFBC}") = "EjemploPunteros", "EjemploPunteros\EjemploPunteros.csproj", "{456AF68A-3E62-43D7-8CBD-3164CC41CBC6}"
EndProject
Global
	GlobalSection(SolutionConfigurationPlatforms) = preSolution
		Debug|Any CPU = Debug|Any CPU
		Release|Any CPU = Release|Any CPU
	EndGlobalSection
	GlobalSection(ProjectConfigurationPlatforms) = postSolution
		{456AF68A-3E62-43D7-8CBD-3164CC41CBC6}.Debug|Any CPU.ActiveCfg = Debug|Any CPU
		{456AF68A-3E62-43D7-8CBD-3164CC41CBC6}.Debug|Any CPU.Build.0 = Debug|Any CPU
		{456AF68A-3E62-43D7-8CBD-3164CC41CBC6}.Release|Any CPU.ActiveCfg = Release|Any CPU
		{456AF68A-3E62-43D7-8CBD-3164CC41CBC6}.Release|Any CPU.Build.0 = Release|Any CPU
	EndGlobalSection
	GlobalSection(SolutionProperties) = preSolution
		HideSolutionNode = FALSE
	EndGlobalSection
	GlobalSection(ExtensibilityGlobals) = postSolution
		SolutionGuid = {15A5D14C-14A0-4568-927A-5EF296F69C2F}
	EndGlobalSection
EndGlobal
