
Microsoft Visual Studio Solution File, Format Version 12.00
# Visual Studio Version 16
VisualStudioVersion = 16.0.32126.315
MinimumVisualStudioVersion = 10.0.40219.1
Project("{FAE04EC0-301F-11D3-BF4B-00C04F79EFBC}") = "WindowsForms-DosVentanas", "WindowsForms-DosVentanas.csproj", "{2DF076F0-32FB-4006-9602-7BBA771BD8FB}"
EndProject
Global
	GlobalSection(SolutionConfigurationPlatforms) = preSolution
		Debug|Any CPU = Debug|Any CPU
		Release|Any CPU = Release|Any CPU
	EndGlobalSection
	GlobalSection(ProjectConfigurationPlatforms) = postSolution
		{2DF076F0-32FB-4006-9602-7BBA771BD8FB}.Debug|Any CPU.ActiveCfg = Debug|Any CPU
		{2DF076F0-32FB-4006-9602-7BBA771BD8FB}.Debug|Any CPU.Build.0 = Debug|Any CPU
		{2DF076F0-32FB-4006-9602-7BBA771BD8FB}.Release|Any CPU.ActiveCfg = Release|Any CPU
		{2DF076F0-32FB-4006-9602-7BBA771BD8FB}.Release|Any CPU.Build.0 = Release|Any CPU
	EndGlobalSection
	GlobalSection(SolutionProperties) = preSolution
		HideSolutionNode = FALSE
	EndGlobalSection
	GlobalSection(ExtensibilityGlobals) = postSolution
		SolutionGuid = {F6DF4747-2A8B-4ADD-9518-8C47D41EABA7}
	EndGlobalSection
EndGlobal
