
Microsoft Visual Studio Solution File, Format Version 12.00
# Visual Studio Version 16
VisualStudioVersion = 16.0.32126.315
MinimumVisualStudioVersion = 10.0.40219.1
Project("{FAE04EC0-301F-11D3-BF4B-00C04F79EFBC}") = "AppWindowsForms1", "AppWindowsForms1.csproj", "{D316A50C-CFC2-47E1-BA65-051B8C474CBD}"
EndProject
Global
	GlobalSection(SolutionConfigurationPlatforms) = preSolution
		Debug|Any CPU = Debug|Any CPU
		Release|Any CPU = Release|Any CPU
	EndGlobalSection
	GlobalSection(ProjectConfigurationPlatforms) = postSolution
		{D316A50C-CFC2-47E1-BA65-051B8C474CBD}.Debug|Any CPU.ActiveCfg = Debug|Any CPU
		{D316A50C-CFC2-47E1-BA65-051B8C474CBD}.Debug|Any CPU.Build.0 = Debug|Any CPU
		{D316A50C-CFC2-47E1-BA65-051B8C474CBD}.Release|Any CPU.ActiveCfg = Release|Any CPU
		{D316A50C-CFC2-47E1-BA65-051B8C474CBD}.Release|Any CPU.Build.0 = Release|Any CPU
	EndGlobalSection
	GlobalSection(SolutionProperties) = preSolution
		HideSolutionNode = FALSE
	EndGlobalSection
	GlobalSection(ExtensibilityGlobals) = postSolution
		SolutionGuid = {A8DBD341-1254-4887-8594-0C5C166A392B}
	EndGlobalSection
EndGlobal
