
Microsoft Visual Studio Solution File, Format Version 12.00
# Visual Studio Version 17
VisualStudioVersion = 17.0.31919.166
MinimumVisualStudioVersion = 10.0.40219.1
Project("{FAE04EC0-301F-11D3-BF4B-00C04F79EFBC}") = "EjerciciosSortedList", "EjerciciosSortedList\EjerciciosSortedList.csproj", "{97A2F15C-4E0D-4F4E-8439-ECAACF65BDC7}"
EndProject
Global
	GlobalSection(SolutionConfigurationPlatforms) = preSolution
		Debug|Any CPU = Debug|Any CPU
		Release|Any CPU = Release|Any CPU
	EndGlobalSection
	GlobalSection(ProjectConfigurationPlatforms) = postSolution
		{97A2F15C-4E0D-4F4E-8439-ECAACF65BDC7}.Debug|Any CPU.ActiveCfg = Debug|Any CPU
		{97A2F15C-4E0D-4F4E-8439-ECAACF65BDC7}.Debug|Any CPU.Build.0 = Debug|Any CPU
		{97A2F15C-4E0D-4F4E-8439-ECAACF65BDC7}.Release|Any CPU.ActiveCfg = Release|Any CPU
		{97A2F15C-4E0D-4F4E-8439-ECAACF65BDC7}.Release|Any CPU.Build.0 = Release|Any CPU
	EndGlobalSection
	GlobalSection(SolutionProperties) = preSolution
		HideSolutionNode = FALSE
	EndGlobalSection
	GlobalSection(ExtensibilityGlobals) = postSolution
		SolutionGuid = {34FB624B-B272-4D2A-A00B-45CA3A8761C1}
	EndGlobalSection
EndGlobal
