
Microsoft Visual Studio Solution File, Format Version 12.00
# Visual Studio Version 17
VisualStudioVersion = 17.0.31919.166
MinimumVisualStudioVersion = 10.0.40219.1
Project("{FAE04EC0-301F-11D3-BF4B-00C04F79EFBC}") = "EjerciciosArrayList", "EjerciciosArrayList\EjerciciosArrayList.csproj", "{1BDDE43B-394E-40EB-AEA0-FF6D342B5CFB}"
EndProject
Global
	GlobalSection(SolutionConfigurationPlatforms) = preSolution
		Debug|Any CPU = Debug|Any CPU
		Release|Any CPU = Release|Any CPU
	EndGlobalSection
	GlobalSection(ProjectConfigurationPlatforms) = postSolution
		{1BDDE43B-394E-40EB-AEA0-FF6D342B5CFB}.Debug|Any CPU.ActiveCfg = Debug|Any CPU
		{1BDDE43B-394E-40EB-AEA0-FF6D342B5CFB}.Debug|Any CPU.Build.0 = Debug|Any CPU
		{1BDDE43B-394E-40EB-AEA0-FF6D342B5CFB}.Release|Any CPU.ActiveCfg = Release|Any CPU
		{1BDDE43B-394E-40EB-AEA0-FF6D342B5CFB}.Release|Any CPU.Build.0 = Release|Any CPU
	EndGlobalSection
	GlobalSection(SolutionProperties) = preSolution
		HideSolutionNode = FALSE
	EndGlobalSection
	GlobalSection(ExtensibilityGlobals) = postSolution
		SolutionGuid = {48696245-109E-424C-96C5-E312F7BBD990}
	EndGlobalSection
EndGlobal
