
Microsoft Visual Studio Solution File, Format Version 12.00
# Visual Studio Version 17
VisualStudioVersion = 17.0.32126.317
MinimumVisualStudioVersion = 10.0.40219.1
Project("{FAE04EC0-301F-11D3-BF4B-00C04F79EFBC}") = "EjemplosServiciosRed", "EjemplosServiciosRed\EjemplosServiciosRed.csproj", "{66C8CF15-0B5B-406A-BCA2-25B674C35CDF}"
EndProject
Global
	GlobalSection(SolutionConfigurationPlatforms) = preSolution
		Debug|Any CPU = Debug|Any CPU
		Release|Any CPU = Release|Any CPU
	EndGlobalSection
	GlobalSection(ProjectConfigurationPlatforms) = postSolution
		{66C8CF15-0B5B-406A-BCA2-25B674C35CDF}.Debug|Any CPU.ActiveCfg = Debug|Any CPU
		{66C8CF15-0B5B-406A-BCA2-25B674C35CDF}.Debug|Any CPU.Build.0 = Debug|Any CPU
		{66C8CF15-0B5B-406A-BCA2-25B674C35CDF}.Release|Any CPU.ActiveCfg = Release|Any CPU
		{66C8CF15-0B5B-406A-BCA2-25B674C35CDF}.Release|Any CPU.Build.0 = Release|Any CPU
	EndGlobalSection
	GlobalSection(SolutionProperties) = preSolution
		HideSolutionNode = FALSE
	EndGlobalSection
	GlobalSection(ExtensibilityGlobals) = postSolution
		SolutionGuid = {F75FFCC4-2724-4EA6-B40E-A15B2A6135DC}
	EndGlobalSection
EndGlobal
