
Microsoft Visual Studio Solution File, Format Version 12.00
# Visual Studio Version 16
VisualStudioVersion = 16.0.31911.196
MinimumVisualStudioVersion = 10.0.40219.1
Project("{FAE04EC0-301F-11D3-BF4B-00C04F79EFBC}") = "EjercicioSQLite", "EjercicioSQLite\EjercicioSQLite.csproj", "{94377E92-DEDA-42AE-9C54-233B1881F8C6}"
EndProject
Global
	GlobalSection(SolutionConfigurationPlatforms) = preSolution
		Debug|Any CPU = Debug|Any CPU
		Release|Any CPU = Release|Any CPU
	EndGlobalSection
	GlobalSection(ProjectConfigurationPlatforms) = postSolution
		{94377E92-DEDA-42AE-9C54-233B1881F8C6}.Debug|Any CPU.ActiveCfg = Debug|Any CPU
		{94377E92-DEDA-42AE-9C54-233B1881F8C6}.Debug|Any CPU.Build.0 = Debug|Any CPU
		{94377E92-DEDA-42AE-9C54-233B1881F8C6}.Release|Any CPU.ActiveCfg = Release|Any CPU
		{94377E92-DEDA-42AE-9C54-233B1881F8C6}.Release|Any CPU.Build.0 = Release|Any CPU
	EndGlobalSection
	GlobalSection(SolutionProperties) = preSolution
		HideSolutionNode = FALSE
	EndGlobalSection
	GlobalSection(ExtensibilityGlobals) = postSolution
		SolutionGuid = {9E447D18-41D2-422A-B804-08EA2FF29687}
	EndGlobalSection
EndGlobal
