
Microsoft Visual Studio Solution File, Format Version 12.00
# Visual Studio Version 16
VisualStudioVersion = 16.0.32228.343
MinimumVisualStudioVersion = 10.0.40219.1
Project("{FAE04EC0-301F-11D3-BF4B-00C04F79EFBC}") = "Ejemplo LINQ", "Ejemplo LINQ\Ejemplo LINQ.csproj", "{A5181B23-AB79-43B9-8CF9-EE2D5B81B88C}"
EndProject
Global
	GlobalSection(SolutionConfigurationPlatforms) = preSolution
		Debug|Any CPU = Debug|Any CPU
		Release|Any CPU = Release|Any CPU
	EndGlobalSection
	GlobalSection(ProjectConfigurationPlatforms) = postSolution
		{A5181B23-AB79-43B9-8CF9-EE2D5B81B88C}.Debug|Any CPU.ActiveCfg = Debug|Any CPU
		{A5181B23-AB79-43B9-8CF9-EE2D5B81B88C}.Debug|Any CPU.Build.0 = Debug|Any CPU
		{A5181B23-AB79-43B9-8CF9-EE2D5B81B88C}.Release|Any CPU.ActiveCfg = Release|Any CPU
		{A5181B23-AB79-43B9-8CF9-EE2D5B81B88C}.Release|Any CPU.Build.0 = Release|Any CPU
	EndGlobalSection
	GlobalSection(SolutionProperties) = preSolution
		HideSolutionNode = FALSE
	EndGlobalSection
	GlobalSection(ExtensibilityGlobals) = postSolution
		SolutionGuid = {85513D2E-E906-47D7-A817-F96A4F523E93}
	EndGlobalSection
EndGlobal
