
Microsoft Visual Studio Solution File, Format Version 12.00
# Visual Studio Version 17
VisualStudioVersion = 17.0.32112.339
MinimumVisualStudioVersion = 10.0.40219.1
Project("{FAE04EC0-301F-11D3-BF4B-00C04F79EFBC}") = "EjerciciosDirectoriosFicheros", "EjerciciosDirectoriosFicheros\EjerciciosDirectoriosFicheros.csproj", "{36DE1899-D057-4480-AAC1-09EB07909567}"
EndProject
Global
	GlobalSection(SolutionConfigurationPlatforms) = preSolution
		Debug|Any CPU = Debug|Any CPU
		Release|Any CPU = Release|Any CPU
	EndGlobalSection
	GlobalSection(ProjectConfigurationPlatforms) = postSolution
		{36DE1899-D057-4480-AAC1-09EB07909567}.Debug|Any CPU.ActiveCfg = Debug|Any CPU
		{36DE1899-D057-4480-AAC1-09EB07909567}.Debug|Any CPU.Build.0 = Debug|Any CPU
		{36DE1899-D057-4480-AAC1-09EB07909567}.Release|Any CPU.ActiveCfg = Release|Any CPU
		{36DE1899-D057-4480-AAC1-09EB07909567}.Release|Any CPU.Build.0 = Release|Any CPU
	EndGlobalSection
	GlobalSection(SolutionProperties) = preSolution
		HideSolutionNode = FALSE
	EndGlobalSection
	GlobalSection(ExtensibilityGlobals) = postSolution
		SolutionGuid = {AA8BEF06-76CC-4BD4-BC63-ADE5EBFE041F}
	EndGlobalSection
EndGlobal
