
Microsoft Visual Studio Solution File, Format Version 12.00
# Visual Studio Version 16
VisualStudioVersion = 16.0.31829.152
MinimumVisualStudioVersion = 10.0.40219.1
Project("{FAE04EC0-301F-11D3-BF4B-00C04F79EFBC}") = "PruebaSobrecargaOperadores", "PruebaSobrecargaOperadores\PruebaSobrecargaOperadores.csproj", "{A2380017-C73A-4FDA-9239-AC89FD57DC80}"
EndProject
Global
	GlobalSection(SolutionConfigurationPlatforms) = preSolution
		Debug|Any CPU = Debug|Any CPU
		Release|Any CPU = Release|Any CPU
	EndGlobalSection
	GlobalSection(ProjectConfigurationPlatforms) = postSolution
		{A2380017-C73A-4FDA-9239-AC89FD57DC80}.Debug|Any CPU.ActiveCfg = Debug|Any CPU
		{A2380017-C73A-4FDA-9239-AC89FD57DC80}.Debug|Any CPU.Build.0 = Debug|Any CPU
		{A2380017-C73A-4FDA-9239-AC89FD57DC80}.Release|Any CPU.ActiveCfg = Release|Any CPU
		{A2380017-C73A-4FDA-9239-AC89FD57DC80}.Release|Any CPU.Build.0 = Release|Any CPU
	EndGlobalSection
	GlobalSection(SolutionProperties) = preSolution
		HideSolutionNode = FALSE
	EndGlobalSection
	GlobalSection(ExtensibilityGlobals) = postSolution
		SolutionGuid = {F4AACD87-1A86-45DF-91C9-C3F2619573C2}
	EndGlobalSection
EndGlobal
